
Microsoft Visual Studio Solution File, Format Version 12.00
# Visual Studio Version 17
VisualStudioVersion = 17.0.32126.317
MinimumVisualStudioVersion = 10.0.40219.1
Project("{FAE04EC0-301F-11D3-BF4B-00C04F79EFBC}") = "13.Bölüm-Hastane-Proje", "13.Bölüm-Hastane-Proje\13.Bölüm-Hastane-Proje.csproj", "{E72AA5E6-D3BF-4224-8513-EDA78EFFBA67}"
EndProject
Global
	GlobalSection(SolutionConfigurationPlatforms) = preSolution
		Debug|Any CPU = Debug|Any CPU
		Release|Any CPU = Release|Any CPU
	EndGlobalSection
	GlobalSection(ProjectConfigurationPlatforms) = postSolution
		{E72AA5E6-D3BF-4224-8513-EDA78EFFBA67}.Debug|Any CPU.ActiveCfg = Debug|Any CPU
		{E72AA5E6-D3BF-4224-8513-EDA78EFFBA67}.Debug|Any CPU.Build.0 = Debug|Any CPU
		{E72AA5E6-D3BF-4224-8513-EDA78EFFBA67}.Release|Any CPU.ActiveCfg = Release|Any CPU
		{E72AA5E6-D3BF-4224-8513-EDA78EFFBA67}.Release|Any CPU.Build.0 = Release|Any CPU
	EndGlobalSection
	GlobalSection(SolutionProperties) = preSolution
		HideSolutionNode = FALSE
	EndGlobalSection
	GlobalSection(ExtensibilityGlobals) = postSolution
		SolutionGuid = {8E605366-9077-4B09-8D99-B624D44FFF94}
	EndGlobalSection
EndGlobal
